{
  "name": "ng-table-demo-app-ts-webpack",
  "version": "1.0.0",
  "dependencies": {
    "@types/angular": {
      "version": "1.5.16",
      "from": "@types/angular@>=1.5.13 <2.0.0",
      "resolved": "https://registry.npmjs.org/@types/angular/-/angular-1.5.16.tgz"
    },
    "@types/jquery": {
      "version": "2.0.32",
      "from": "@types/jquery@*",
      "resolved": "https://registry.npmjs.org/@types/jquery/-/jquery-2.0.32.tgz"
    },
    "angular": {
      "version": "1.5.8",
      "from": "angular@1.5.8",
      "resolved": "https://registry.npmjs.org/angular/-/angular-1.5.8.tgz"
    },
    "bootstrap-css-only": {
      "version": "3.3.6",
      "from": "bootstrap-css-only@>=3.3.6 <4.0.0",
      "resolved": "https://registry.npmjs.org/bootstrap-css-only/-/bootstrap-css-only-3.3.6.tgz"
    },
    "ng-table": {
      "version": "2.0.0",
      "from": "..\\..",
      "resolved": "file:..\\.."
    }
  }
}
