{
  "name": "ng-table-demo-app-es5",
  "version": "1.0.0",
  "dependencies": {
    "@types/angular": {
      "version": "1.5.14",
      "from": "@types/angular@>=1.5.13 <2.0.0",
      "resolved": "https://registry.npmjs.org/@types/angular/-/angular-1.5.14.tgz",
      "dev": true
    },
    "@types/jquery": {
      "version": "1.10.31",
      "from": "@types/jquery@*",
      "resolved": "https://registry.npmjs.org/@types/jquery/-/jquery-1.10.31.tgz",
      "dev": true
    },
    "angular": {
      "version": "1.5.8",
      "from": "angular@1.5.8",
      "resolved": "https://registry.npmjs.org/angular/-/angular-1.5.8.tgz"
    },
    "bootstrap": {
      "version": "3.3.7",
      "from": "bootstrap@3.3.7",
      "resolved": "https://registry.npmjs.org/bootstrap/-/bootstrap-3.3.7.tgz"
    },
    "ng-table": {
      "version": "2.0.0",
      "from": "..\\..",
      "resolved": "file:..\\.."
    }
  }
}
